
Microsoft Visual Studio Solution File, Format Version 12.00
# Visual Studio Version 17
VisualStudioVersion = 17.2.32505.173
MinimumVisualStudioVersion = 10.0.40219.1
Project("{FAE04EC0-301F-11D3-BF4B-00C04F79EFBC}") = "DotNetCore6.API", "DotNetCore6\DotNetCore6.API.csproj", "{19D10A8F-5B73-422E-BCD7-4955F5F2ED41}"
EndProject
Project("{FAE04EC0-301F-11D3-BF4B-00C04F79EFBC}") = "DotNetCore6.Data", "DotNetCore6.Data\DotNetCore6.Data.csproj", "{F116995B-625B-41B4-8FE4-43A0877712B5}"
EndProject
Project("{FAE04EC0-301F-11D3-BF4B-00C04F79EFBC}") = "DotNetCore6.Helpers", "DotNetCore6.Helpers\DotNetCore6.Helpers.csproj", "{08D7A820-8E7F-43DF-8E0A-3843708FD123}"
EndProject
Project("{FAE04EC0-301F-11D3-BF4B-00C04F79EFBC}") = "DotNetCore6.Models", "DotNetCore6.Models\DotNetCore6.Models.csproj", "{0B6D6A0D-359F-415E-B299-DDDFAFA4DDCC}"
EndProject
Project("{FAE04EC0-301F-11D3-BF4B-00C04F79EFBC}") = "DotNetCore6.Services", "DotNetCore6.Services\DotNetCore6.Services.csproj", "{6C2502FA-A9A5-4039-911D-BEDFD98F05F5}"
EndProject
Project("{FAE04EC0-301F-11D3-BF4B-00C04F79EFBC}") = "DotNetCore6.Localization", "DotNetCore6.Localization\DotNetCore6.Localization.csproj", "{3CBF90DA-5731-41B2-82A1-ED18152F643D}"
EndProject
Project("{FAE04EC0-301F-11D3-BF4B-00C04F79EFBC}") = "DotNetCore6.ViewModels", "DotNetCore6.ViewModels\DotNetCore6.ViewModels.csproj", "{514294B6-78A5-49F4-83C3-635B6E219682}"
EndProject
Global
	GlobalSection(SolutionConfigurationPlatforms) = preSolution
		Debug|Any CPU = Debug|Any CPU
		Release|Any CPU = Release|Any CPU
	EndGlobalSection
	GlobalSection(ProjectConfigurationPlatforms) = postSolution
		{19D10A8F-5B73-422E-BCD7-4955F5F2ED41}.Debug|Any CPU.ActiveCfg = Debug|Any CPU
		{19D10A8F-5B73-422E-BCD7-4955F5F2ED41}.Debug|Any CPU.Build.0 = Debug|Any CPU
		{19D10A8F-5B73-422E-BCD7-4955F5F2ED41}.Release|Any CPU.ActiveCfg = Release|Any CPU
		{19D10A8F-5B73-422E-BCD7-4955F5F2ED41}.Release|Any CPU.Build.0 = Release|Any CPU
		{F116995B-625B-41B4-8FE4-43A0877712B5}.Debug|Any CPU.ActiveCfg = Debug|Any CPU
		{F116995B-625B-41B4-8FE4-43A0877712B5}.Debug|Any CPU.Build.0 = Debug|Any CPU
		{F116995B-625B-41B4-8FE4-43A0877712B5}.Release|Any CPU.ActiveCfg = Release|Any CPU
		{F116995B-625B-41B4-8FE4-43A0877712B5}.Release|Any CPU.Build.0 = Release|Any CPU
		{08D7A820-8E7F-43DF-8E0A-3843708FD123}.Debug|Any CPU.ActiveCfg = Debug|Any CPU
		{08D7A820-8E7F-43DF-8E0A-3843708FD123}.Debug|Any CPU.Build.0 = Debug|Any CPU
		{08D7A820-8E7F-43DF-8E0A-3843708FD123}.Release|Any CPU.ActiveCfg = Release|Any CPU
		{08D7A820-8E7F-43DF-8E0A-3843708FD123}.Release|Any CPU.Build.0 = Release|Any CPU
		{0B6D6A0D-359F-415E-B299-DDDFAFA4DDCC}.Debug|Any CPU.ActiveCfg = Debug|Any CPU
		{0B6D6A0D-359F-415E-B299-DDDFAFA4DDCC}.Debug|Any CPU.Build.0 = Debug|Any CPU
		{0B6D6A0D-359F-415E-B299-DDDFAFA4DDCC}.Release|Any CPU.ActiveCfg = Release|Any CPU
		{0B6D6A0D-359F-415E-B299-DDDFAFA4DDCC}.Release|Any CPU.Build.0 = Release|Any CPU
		{6C2502FA-A9A5-4039-911D-BEDFD98F05F5}.Debug|Any CPU.ActiveCfg = Debug|Any CPU
		{6C2502FA-A9A5-4039-911D-BEDFD98F05F5}.Debug|Any CPU.Build.0 = Debug|Any CPU
		{6C2502FA-A9A5-4039-911D-BEDFD98F05F5}.Release|Any CPU.ActiveCfg = Release|Any CPU
		{6C2502FA-A9A5-4039-911D-BEDFD98F05F5}.Release|Any CPU.Build.0 = Release|Any CPU
		{3CBF90DA-5731-41B2-82A1-ED18152F643D}.Debug|Any CPU.ActiveCfg = Debug|Any CPU
		{3CBF90DA-5731-41B2-82A1-ED18152F643D}.Debug|Any CPU.Build.0 = Debug|Any CPU
		{3CBF90DA-5731-41B2-82A1-ED18152F643D}.Release|Any CPU.ActiveCfg = Release|Any CPU
		{3CBF90DA-5731-41B2-82A1-ED18152F643D}.Release|Any CPU.Build.0 = Release|Any CPU
		{514294B6-78A5-49F4-83C3-635B6E219682}.Debug|Any CPU.ActiveCfg = Debug|Any CPU
		{514294B6-78A5-49F4-83C3-635B6E219682}.Debug|Any CPU.Build.0 = Debug|Any CPU
		{514294B6-78A5-49F4-83C3-635B6E219682}.Release|Any CPU.ActiveCfg = Release|Any CPU
		{514294B6-78A5-49F4-83C3-635B6E219682}.Release|Any CPU.Build.0 = Release|Any CPU
	EndGlobalSection
	GlobalSection(SolutionProperties) = preSolution
		HideSolutionNode = FALSE
	EndGlobalSection
	GlobalSection(ExtensibilityGlobals) = postSolution
		SolutionGuid = {0FFC9421-55B2-48B4-8810-37F412A42EBA}
	EndGlobalSection
EndGlobal
